
Microsoft Visual Studio Solution File, Format Version 12.00
Project("{FAE04EC0-301F-11D3-BF4B-00C04F79EFBC}") = "ClasesAbstracta", "ClasesAbstracta\ClasesAbstracta.csproj", "{7DD99BB7-575C-45D0-A471-3C2F90A9EAA1}"
EndProject
Global
	GlobalSection(SolutionConfigurationPlatforms) = preSolution
		Debug|Any CPU = Debug|Any CPU
		Release|Any CPU = Release|Any CPU
	EndGlobalSection
	GlobalSection(ProjectConfigurationPlatforms) = postSolution
		{7DD99BB7-575C-45D0-A471-3C2F90A9EAA1}.Debug|Any CPU.ActiveCfg = Debug|Any CPU
		{7DD99BB7-575C-45D0-A471-3C2F90A9EAA1}.Debug|Any CPU.Build.0 = Debug|Any CPU
		{7DD99BB7-575C-45D0-A471-3C2F90A9EAA1}.Release|Any CPU.ActiveCfg = Release|Any CPU
		{7DD99BB7-575C-45D0-A471-3C2F90A9EAA1}.Release|Any CPU.Build.0 = Release|Any CPU
	EndGlobalSection
EndGlobal
